
Microsoft Visual Studio Solution File, Format Version 12.00
# Visual Studio Version 16
VisualStudioVersion = 16.0.31613.86
MinimumVisualStudioVersion = 10.0.40219.1
Project("{FAE04EC0-301F-11D3-BF4B-00C04F79EFBC}") = "View", "View\View.csproj", "{C7EE2F33-8017-41BC-A7A4-BE187B348EEB}"
EndProject
Project("{FAE04EC0-301F-11D3-BF4B-00C04F79EFBC}") = "Model", "Model\Model.csproj", "{7B1DA643-F893-408A-A9BA-FDE93E13247B}"
EndProject
Global
	GlobalSection(SolutionConfigurationPlatforms) = preSolution
		Debug|Any CPU = Debug|Any CPU
		Release|Any CPU = Release|Any CPU
	EndGlobalSection
	GlobalSection(ProjectConfigurationPlatforms) = postSolution
		{C7EE2F33-8017-41BC-A7A4-BE187B348EEB}.Debug|Any CPU.ActiveCfg = Debug|Any CPU
		{C7EE2F33-8017-41BC-A7A4-BE187B348EEB}.Debug|Any CPU.Build.0 = Debug|Any CPU
		{C7EE2F33-8017-41BC-A7A4-BE187B348EEB}.Release|Any CPU.ActiveCfg = Release|Any CPU
		{C7EE2F33-8017-41BC-A7A4-BE187B348EEB}.Release|Any CPU.Build.0 = Release|Any CPU
		{7B1DA643-F893-408A-A9BA-FDE93E13247B}.Debug|Any CPU.ActiveCfg = Debug|Any CPU
		{7B1DA643-F893-408A-A9BA-FDE93E13247B}.Debug|Any CPU.Build.0 = Debug|Any CPU
		{7B1DA643-F893-408A-A9BA-FDE93E13247B}.Release|Any CPU.ActiveCfg = Release|Any CPU
		{7B1DA643-F893-408A-A9BA-FDE93E13247B}.Release|Any CPU.Build.0 = Release|Any CPU
	EndGlobalSection
	GlobalSection(SolutionProperties) = preSolution
		HideSolutionNode = FALSE
	EndGlobalSection
	GlobalSection(ExtensibilityGlobals) = postSolution
		SolutionGuid = {4B06261E-1D3A-466C-B8D0-3772F29C8D01}
	EndGlobalSection
EndGlobal
